// !$*UTF8*$!
{
	archiveVersion = 1;
	classes = {
	};
	objectVersion = 77;
	objects = {

/* Begin PBXContainerItemProxy section */
		D70167A82CDFF00D0026D363 /* PBXContainerItemProxy */ = {
			isa = PBXContainerItemProxy;
			containerPortal = D701678F2CDFF00B0026D363 /* Project object */;
			proxyType = 1;
			remoteGlobalIDString = D70167962CDFF00B0026D363;
			remoteInfo = Screelang;
		};
		D70167B22CDFF00D0026D363 /* PBXContainerItemProxy */ = {
			isa = PBXContainerItemProxy;
			containerPortal = D701678F2CDFF00B0026D363 /* Project object */;
			proxyType = 1;
			remoteGlobalIDString = D70167962CDFF00B0026D363;
			remoteInfo = Screelang;
		};
/* End PBXContainerItemProxy section */

/* Begin PBXFileReference section */
		D70167972CDFF00B0026D363 /* Screelang.app */ = {isa = PBXFileReference; explicitFileType = wrapper.application; includeInIndex = 0; path = Screelang.app; sourceTree = BUILT_PRODUCTS_DIR; };
		D70167A72CDFF00D0026D363 /* ScreelangTests.xctest */ = {isa = PBXFileReference; explicitFileType = wrapper.cfbundle; includeInIndex = 0; path = ScreelangTests.xctest; sourceTree = BUILT_PRODUCTS_DIR; };
		D70167B12CDFF00D0026D363 /* ScreelangUITests.xctest */ = {isa = PBXFileReference; explicitFileType = wrapper.cfbundle; includeInIndex = 0; path = ScreelangUITests.xctest; sourceTree = BUILT_PRODUCTS_DIR; };
/* End PBXFileReference section */

/* Begin PBXFileSystemSynchronizedBuildFileExceptionSet section */
		D70167CB2CDFF6DB0026D363 /* Exceptions for "Screelang" folder in "Screelang" target */ = {
			isa = PBXFileSystemSynchronizedBuildFileExceptionSet;
			membershipExceptions = (
				Info.plist,
			);
			target = D70167962CDFF00B0026D363 /* Screelang */;
		};
/* End PBXFileSystemSynchronizedBuildFileExceptionSet section */

/* Begin PBXFileSystemSynchronizedRootGroup section */
		D70167992CDFF00B0026D363 /* Screelang */ = {
			isa = PBXFileSystemSynchronizedRootGroup;
			exceptions = (
				D70167CB2CDFF6DB0026D363 /* Exceptions for "Screelang" folder in "Screelang" target */,
			);
			path = Screelang;
			sourceTree = "<group>";
		};
		D70167AA2CDFF00D0026D363 /* ScreelangTests */ = {
			isa = PBXFileSystemSynchronizedRootGroup;
			path = ScreelangTests;
			sourceTree = "<group>";
		};
		D70167B42CDFF00D0026D363 /* ScreelangUITests */ = {
			isa = PBXFileSystemSynchronizedRootGroup;
			path = ScreelangUITests;
			sourceTree = "<group>";
		};
/* End PBXFileSystemSynchronizedRootGroup section */

/* Begin PBXFrameworksBuildPhase section */
		D70167942CDFF00B0026D363 /* Frameworks */ = {
			isa = PBXFrameworksBuildPhase;
			buildActionMask = 2147483647;
			files = (
			);
			runOnlyForDeploymentPostprocessing = 0;
		};
		D70167A42CDFF00D0026D363 /* Frameworks */ = {
			isa = PBXFrameworksBuildPhase;
			buildActionMask = 2147483647;
			files = (
			);
			runOnlyForDeploymentPostprocessing = 0;
		};
		D70167AE2CDFF00D0026D363 /* Frameworks */ = {
			isa = PBXFrameworksBuildPhase;
			buildActionMask = 2147483647;
			files = (
			);
			runOnlyForDeploymentPostprocessing = 0;
		};
/* End PBXFrameworksBuildPhase section */

/* Begin PBXGroup section */
		D701678E2CDFF00B0026D363 = {
			isa = PBXGroup;
			children = (
				D70167992CDFF00B0026D363 /* Screelang */,
				D70167AA2CDFF00D0026D363 /* ScreelangTests */,
				D70167B42CDFF00D0026D363 /* ScreelangUITests */,
				D70167982CDFF00B0026D363 /* Products */,
			);
			sourceTree = "<group>";
		};
		D70167982CDFF00B0026D363 /* Products */ = {
			isa = PBXGroup;
			children = (
				D70167972CDFF00B0026D363 /* Screelang.app */,
				D70167A72CDFF00D0026D363 /* ScreelangTests.xctest */,
				D70167B12CDFF00D0026D363 /* ScreelangUITests.xctest */,
			);
			name = Products;
			sourceTree = "<group>";
		};
/* End PBXGroup section */

/* Begin PBXNativeTarget section */
		D70167962CDFF00B0026D363 /* Screelang */ = {
			isa = PBXNativeTarget;
			buildConfigurationList = D70167BB2CDFF00D0026D363 /* Build configuration list for PBXNativeTarget "Screelang" */;
			buildPhases = (
				D70167932CDFF00B0026D363 /* Sources */,
				D70167942CDFF00B0026D363 /* Frameworks */,
				D70167952CDFF00B0026D363 /* Resources */,
			);
			buildRules = (
			);
			dependencies = (
			);
			fileSystemSynchronizedGroups = (
				D70167992CDFF00B0026D363 /* Screelang */,
			);
			name = Screelang;
			packageProductDependencies = (
			);
			productName = Screelang;
			productReference = D70167972CDFF00B0026D363 /* Screelang.app */;
			productType = "com.apple.product-type.application";
		};
		D70167A62CDFF00D0026D363 /* ScreelangTests */ = {
			isa = PBXNativeTarget;
			buildConfigurationList = D70167BE2CDFF00D0026D363 /* Build configuration list for PBXNativeTarget "ScreelangTests" */;
			buildPhases = (
				D70167A32CDFF00D0026D363 /* Sources */,
				D70167A42CDFF00D0026D363 /* Frameworks */,
				D70167A52CDFF00D0026D363 /* Resources */,
			);
			buildRules = (
			);
			dependencies = (
				D70167A92CDFF00D0026D363 /* PBXTargetDependency */,
			);
			fileSystemSynchronizedGroups = (
				D70167AA2CDFF00D0026D363 /* ScreelangTests */,
			);
			name = ScreelangTests;
			packageProductDependencies = (
			);
			productName = ScreelangTests;
			productReference = D70167A72CDFF00D0026D363 /* ScreelangTests.xctest */;
			productType = "com.apple.product-type.bundle.unit-test";
		};
		D70167B02CDFF00D0026D363 /* ScreelangUITests */ = {
			isa = PBXNativeTarget;
			buildConfigurationList = D70167C12CDFF00D0026D363 /* Build configuration list for PBXNativeTarget "ScreelangUITests" */;
			buildPhases = (
				D70167AD2CDFF00D0026D363 /* Sources */,
				D70167AE2CDFF00D0026D363 /* Frameworks */,
				D70167AF2CDFF00D0026D363 /* Resources */,
			);
			buildRules = (
			);
			dependencies = (
				D70167B32CDFF00D0026D363 /* PBXTargetDependency */,
			);
			fileSystemSynchronizedGroups = (
				D70167B42CDFF00D0026D363 /* ScreelangUITests */,
			);
			name = ScreelangUITests;
			packageProductDependencies = (
			);
			productName = ScreelangUITests;
			productReference = D70167B12CDFF00D0026D363 /* ScreelangUITests.xctest */;
			productType = "com.apple.product-type.bundle.ui-testing";
		};
/* End PBXNativeTarget section */

/* Begin PBXProject section */
		D701678F2CDFF00B0026D363 /* Project object */ = {
			isa = PBXProject;
			attributes = {
				BuildIndependentTargetsInParallel = 1;
				LastSwiftUpdateCheck = 1610;
				LastUpgradeCheck = 1610;
				TargetAttributes = {
					D70167962CDFF00B0026D363 = {
						CreatedOnToolsVersion = 16.1;
					};
					D70167A62CDFF00D0026D363 = {
						CreatedOnToolsVersion = 16.1;
						TestTargetID = D70167962CDFF00B0026D363;
					};
					D70167B02CDFF00D0026D363 = {
						CreatedOnToolsVersion = 16.1;
						TestTargetID = D70167962CDFF00B0026D363;
					};
				};
			};
			buildConfigurationList = D70167922CDFF00B0026D363 /* Build configuration list for PBXProject "Screelang" */;
			developmentRegion = en;
			hasScannedForEncodings = 0;
			knownRegions = (
				en,
				Base,
			);
			mainGroup = D701678E2CDFF00B0026D363;
			minimizedProjectReferenceProxies = 1;
			preferredProjectObjectVersion = 77;
			productRefGroup = D70167982CDFF00B0026D363 /* Products */;
			projectDirPath = "";
			projectRoot = "";
			targets = (
				D70167962CDFF00B0026D363 /* Screelang */,
				D70167A62CDFF00D0026D363 /* ScreelangTests */,
				D70167B02CDFF00D0026D363 /* ScreelangUITests */,
			);
		};
/* End PBXProject section */

/* Begin PBXResourcesBuildPhase section */
		D70167952CDFF00B0026D363 /* Resources */ = {
			isa = PBXResourcesBuildPhase;
			buildActionMask = 2147483647;
			files = (
			);
			runOnlyForDeploymentPostprocessing = 0;
		};
		D70167A52CDFF00D0026D363 /* Resources */ = {
			isa = PBXResourcesBuildPhase;
			buildActionMask = 2147483647;
			files = (
			);
			runOnlyForDeploymentPostprocessing = 0;
		};
		D70167AF2CDFF00D0026D363 /* Resources */ = {
			isa = PBXResourcesBuildPhase;
			buildActionMask = 2147483647;
			files = (
			);
			runOnlyForDeploymentPostprocessing = 0;
		};
/* End PBXResourcesBuildPhase section */

/* Begin PBXSourcesBuildPhase section */
		D70167932CDFF00B0026D363 /* Sources */ = {
			isa = PBXSourcesBuildPhase;
			buildActionMask = 2147483647;
			files = (
			);
			runOnlyForDeploymentPostprocessing = 0;
		};
		D70167A32CDFF00D0026D363 /* Sources */ = {
			isa = PBXSourcesBuildPhase;
			buildActionMask = 2147483647;
			files = (
			);
			runOnlyForDeploymentPostprocessing = 0;
		};
		D70167AD2CDFF00D0026D363 /* Sources */ = {
			isa = PBXSourcesBuildPhase;
			buildActionMask = 2147483647;
			files = (
			);
			runOnlyForDeploymentPostprocessing = 0;
		};
/* End PBXSourcesBuildPhase section */

/* Begin PBXTargetDependency section */
		D70167A92CDFF00D0026D363 /* PBXTargetDependency */ = {
			isa = PBXTargetDependency;
			target = D70167962CDFF00B0026D363 /* Screelang */;
			targetProxy = D70167A82CDFF00D0026D363 /* PBXContainerItemProxy */;
		};
		D70167B32CDFF00D0026D363 /* PBXTargetDependency */ = {
			isa = PBXTargetDependency;
			target = D70167962CDFF00B0026D363 /* Screelang */;
			targetProxy = D70167B22CDFF00D0026D363 /* PBXContainerItemProxy */;
		};
/* End PBXTargetDependency section */

/* Begin XCBuildConfiguration section */
		D70167B92CDFF00D0026D363 /* Debug */ = {
			isa = XCBuildConfiguration;
			buildSettings = {
				ALWAYS_SEARCH_USER_PATHS = NO;
				ASSETCATALOG_COMPILER_GENERATE_SWIFT_ASSET_SYMBOL_EXTENSIONS = YES;
				CLANG_ANALYZER_NONNULL = YES;
				CLANG_ANALYZER_NUMBER_OBJECT_CONVERSION = YES_AGGRESSIVE;
				CLANG_CXX_LANGUAGE_STANDARD = "gnu++20";
				CLANG_ENABLE_MODULES = YES;
				CLANG_ENABLE_OBJC_ARC = YES;
				CLANG_ENABLE_OBJC_WEAK = YES;
				CLANG_WARN_BLOCK_CAPTURE_AUTORELEASING = YES;
				CLANG_WARN_BOOL_CONVERSION = YES;
				CLANG_WARN_COMMA = YES;
				CLANG_WARN_CONSTANT_CONVERSION = YES;
				CLANG_WARN_DEPRECATED_OBJC_IMPLEMENTATIONS = YES;
				CLANG_WARN_DIRECT_OBJC_ISA_USAGE = YES_ERROR;
				CLANG_WARN_DOCUMENTATION_COMMENTS = YES;
				CLANG_WARN_EMPTY_BODY = YES;
				CLANG_WARN_ENUM_CONVERSION = YES;
				CLANG_WARN_INFINITE_RECURSION = YES;
				CLANG_WARN_INT_CONVERSION = YES;
				CLANG_WARN_NON_LITERAL_NULL_CONVERSION = YES;
				CLANG_WARN_OBJC_IMPLICIT_RETAIN_SELF = YES;
				CLANG_WARN_OBJC_LITERAL_CONVERSION = YES;
				CLANG_WARN_OBJC_ROOT_CLASS = YES_ERROR;
				CLANG_WARN_QUOTED_INCLUDE_IN_FRAMEWORK_HEADER = YES;
				CLANG_WARN_RANGE_LOOP_ANALYSIS = YES;
				CLANG_WARN_STRICT_PROTOTYPES = YES;
				CLANG_WARN_SUSPICIOUS_MOVE = YES;
				CLANG_WARN_UNGUARDED_AVAILABILITY = YES_AGGRESSIVE;
				CLANG_WARN_UNREACHABLE_CODE = YES;
				CLANG_WARN__DUPLICATE_METHOD_MATCH = YES;
				COPY_PHASE_STRIP = NO;
				DEBUG_INFORMATION_FORMAT = dwarf;
				ENABLE_STRICT_OBJC_MSGSEND = YES;
				ENABLE_TESTABILITY = YES;
				ENABLE_USER_SCRIPT_SANDBOXING = YES;
				GCC_C_LANGUAGE_STANDARD = gnu17;
				GCC_DYNAMIC_NO_PIC = NO;
				GCC_NO_COMMON_BLOCKS = YES;
				GCC_OPTIMIZATION_LEVEL = 0;
				GCC_PREPROCESSOR_DEFINITIONS = (
					"DEBUG=1",
					"$(inherited)",
				);
				GCC_WARN_64_TO_32_BIT_CONVERSION = YES;
				GCC_WARN_ABOUT_RETURN_TYPE = YES_ERROR;
				GCC_WARN_UNDECLARED_SELECTOR = YES;
				GCC_WARN_UNINITIALIZED_AUTOS = YES_AGGRESSIVE;
				GCC_WARN_UNUSED_FUNCTION = YES;
				GCC_WARN_UNUSED_VARIABLE = YES;
				IPHONEOS_DEPLOYMENT_TARGET = 18.1;
				LOCALIZATION_PREFERS_STRING_CATALOGS = YES;
				MTL_ENABLE_DEBUG_INFO = INCLUDE_SOURCE;
				MTL_FAST_MATH = YES;
				ONLY_ACTIVE_ARCH = YES;
				SDKROOT = iphoneos;
				SWIFT_ACTIVE_COMPILATION_CONDITIONS = "DEBUG $(inherited)";
				SWIFT_OPTIMIZATION_LEVEL = "-Onone";
			};
			name = Debug;
		};
		D70167BA2CDFF00D0026D363 /* Release */ = {
			isa = XCBuildConfiguration;
			buildSettings = {
				ALWAYS_SEARCH_USER_PATHS = NO;
				ASSETCATALOG_COMPILER_GENERATE_SWIFT_ASSET_SYMBOL_EXTENSIONS = YES;
				CLANG_ANALYZER_NONNULL = YES;
				CLANG_ANALYZER_NUMBER_OBJECT_CONVERSION = YES_AGGRESSIVE;
				CLANG_CXX_LANGUAGE_STANDARD = "gnu++20";
				CLANG_ENABLE_MODULES = YES;
				CLANG_ENABLE_OBJC_ARC = YES;
				CLANG_ENABLE_OBJC_WEAK = YES;
				CLANG_WARN_BLOCK_CAPTURE_AUTORELEASING = YES;
				CLANG_WARN_BOOL_CONVERSION = YES;
				CLANG_WARN_COMMA = YES;
				CLANG_WARN_CONSTANT_CONVERSION = YES;
				CLANG_WARN_DEPRECATED_OBJC_IMPLEMENTATIONS = YES;
				CLANG_WARN_DIRECT_OBJC_ISA_USAGE = YES_ERROR;
				CLANG_WARN_DOCUMENTATION_COMMENTS = YES;
				CLANG_WARN_EMPTY_BODY = YES;
				CLANG_WARN_ENUM_CONVERSION = YES;
				CLANG_WARN_INFINITE_RECURSION = YES;
				CLANG_WARN_INT_CONVERSION = YES;
				CLANG_WARN_NON_LITERAL_NULL_CONVERSION = YES;
				CLANG_WARN_OBJC_IMPLICIT_RETAIN_SELF = YES;
				CLANG_WARN_OBJC_LITERAL_CONVERSION = YES;
				CLANG_WARN_OBJC_ROOT_CLASS = YES_ERROR;
				CLANG_WARN_QUOTED_INCLUDE_IN_FRAMEWORK_HEADER = YES;
				CLANG_WARN_RANGE_LOOP_ANALYSIS = YES;
				CLANG_WARN_STRICT_PROTOTYPES = YES;
				CLANG_WARN_SUSPICIOUS_MOVE = YES;
				CLANG_WARN_UNGUARDED_AVAILABILITY = YES_AGGRESSIVE;
				CLANG_WARN_UNREACHABLE_CODE = YES;
				CLANG_WARN__DUPLICATE_METHOD_MATCH = YES;
				COPY_PHASE_STRIP = NO;
				DEBUG_INFORMATION_FORMAT = "dwarf-with-dsym";
				ENABLE_NS_ASSERTIONS = NO;
				ENABLE_STRICT_OBJC_MSGSEND = YES;
				ENABLE_USER_SCRIPT_SANDBOXING = YES;
				GCC_C_LANGUAGE_STANDARD = gnu17;
				GCC_NO_COMMON_BLOCKS = YES;
				GCC_WARN_64_TO_32_BIT_CONVERSION = YES;
				GCC_WARN_ABOUT_RETURN_TYPE = YES_ERROR;
				GCC_WARN_UNDECLARED_SELECTOR = YES;
				GCC_WARN_UNINITIALIZED_AUTOS = YES_AGGRESSIVE;
				GCC_WARN_UNUSED_FUNCTION = YES;
				GCC_WARN_UNUSED_VARIABLE = YES;
				IPHONEOS_DEPLOYMENT_TARGET = 18.1;
				LOCALIZATION_PREFERS_STRING_CATALOGS = YES;
				MTL_ENABLE_DEBUG_INFO = NO;
				MTL_FAST_MATH = YES;
				SDKROOT = iphoneos;
				SWIFT_COMPILATION_MODE = wholemodule;
				VALIDATE_PRODUCT = YES;
			};
			name = Release;
		};
		D70167BC2CDFF00D0026D363 /* Debug */ = {
			isa = XCBuildConfiguration;
			buildSettings = {
				ASSETCATALOG_COMPILER_APPICON_NAME = AppIcon;
				ASSETCATALOG_COMPILER_GLOBAL_ACCENT_COLOR_NAME = AccentColor;
				CODE_SIGN_STYLE = Automatic;
				CURRENT_PROJECT_VERSION = 1;
				DEVELOPMENT_ASSET_PATHS = "\"Screelang/Preview Content\"";
				DEVELOPMENT_TEAM = 6A244YB66Y;
				ENABLE_PREVIEWS = YES;
				GENERATE_INFOPLIST_FILE = YES;
				INFOPLIST_FILE = Screelang/Info.plist;
				INFOPLIST_KEY_NSCameraUsageDescription = APPL;
				INFOPLIST_KEY_UIApplicationSceneManifest_Generation = YES;
				INFOPLIST_KEY_UIApplicationSupportsIndirectInputEvents = YES;
				INFOPLIST_KEY_UILaunchScreen_Generation = YES;
				INFOPLIST_KEY_UISupportedInterfaceOrientations_iPad = "UIInterfaceOrientationPortrait UIInterfaceOrientationPortraitUpsideDown UIInterfaceOrientationLandscapeLeft UIInterfaceOrientationLandscapeRight";
				INFOPLIST_KEY_UISupportedInterfaceOrientations_iPhone = "UIInterfaceOrientationPortrait UIInterfaceOrientationLandscapeLeft UIInterfaceOrientationLandscapeRight";
				IPHONEOS_DEPLOYMENT_TARGET = 18.0;
				LD_RUNPATH_SEARCH_PATHS = (
					"$(inherited)",
					"@executable_path/Frameworks",
				);
				MARKETING_VERSION = 1.0;
				PRODUCT_BUNDLE_IDENTIFIER = Screelang;
				PRODUCT_NAME = "$(TARGET_NAME)";
				SWIFT_EMIT_LOC_STRINGS = YES;
				SWIFT_VERSION = 5.0;
				TARGETED_DEVICE_FAMILY = "1,2";
			};
			name = Debug;
		};
		D70167BD2CDFF00D0026D363 /* Release */ = {
			isa = XCBuildConfiguration;
			buildSettings = {
				ASSETCATALOG_COMPILER_APPICON_NAME = AppIcon;
				ASSETCATALOG_COMPILER_GLOBAL_ACCENT_COLOR_NAME = AccentColor;
				CODE_SIGN_STYLE = Automatic;
				CURRENT_PROJECT_VERSION = 1;
				DEVELOPMENT_ASSET_PATHS = "\"Screelang/Preview Content\"";
				DEVELOPMENT_TEAM = 6A244YB66Y;
				ENABLE_PREVIEWS = YES;
				GENERATE_INFOPLIST_FILE = YES;
				INFOPLIST_FILE = Screelang/Info.plist;
				INFOPLIST_KEY_NSCameraUsageDescription = APPL;
				INFOPLIST_KEY_UIApplicationSceneManifest_Generation = YES;
				INFOPLIST_KEY_UIApplicationSupportsIndirectInputEvents = YES;
				INFOPLIST_KEY_UILaunchScreen_Generation = YES;
				INFOPLIST_KEY_UISupportedInterfaceOrientations_iPad = "UIInterfaceOrientationPortrait UIInterfaceOrientationPortraitUpsideDown UIInterfaceOrientationLandscapeLeft UIInterfaceOrientationLandscapeRight";
				INFOPLIST_KEY_UISupportedInterfaceOrientations_iPhone = "UIInterfaceOrientationPortrait UIInterfaceOrientationLandscapeLeft UIInterfaceOrientationLandscapeRight";
				IPHONEOS_DEPLOYMENT_TARGET = 18.0;
				LD_RUNPATH_SEARCH_PATHS = (
					"$(inherited)",
					"@executable_path/Frameworks",
				);
				MARKETING_VERSION = 1.0;
				PRODUCT_BUNDLE_IDENTIFIER = Screelang;
				PRODUCT_NAME = "$(TARGET_NAME)";
				SWIFT_EMIT_LOC_STRINGS = YES;
				SWIFT_VERSION = 5.0;
				TARGETED_DEVICE_FAMILY = "1,2";
			};
			name = Release;
		};
		D70167BF2CDFF00D0026D363 /* Debug */ = {
			isa = XCBuildConfiguration;
			buildSettings = {
				BUNDLE_LOADER = "$(TEST_HOST)";
				CODE_SIGN_STYLE = Automatic;
				CURRENT_PROJECT_VERSION = 1;
				DEVELOPMENT_TEAM = 5MG5LRAHJ6;
				GENERATE_INFOPLIST_FILE = YES;
				IPHONEOS_DEPLOYMENT_TARGET = 18.1;
				MARKETING_VERSION = 1.0;
				PRODUCT_BUNDLE_IDENTIFIER = Cplusplus.ScreelangTests;
				PRODUCT_NAME = "$(TARGET_NAME)";
				SWIFT_EMIT_LOC_STRINGS = NO;
				SWIFT_VERSION = 5.0;
				TARGETED_DEVICE_FAMILY = "1,2";
				TEST_HOST = "$(BUILT_PRODUCTS_DIR)/Screelang.app/$(BUNDLE_EXECUTABLE_FOLDER_PATH)/Screelang";
			};
			name = Debug;
		};
		D70167C02CDFF00D0026D363 /* Release */ = {
			isa = XCBuildConfiguration;
			buildSettings = {
				BUNDLE_LOADER = "$(TEST_HOST)";
				CODE_SIGN_STYLE = Automatic;
				CURRENT_PROJECT_VERSION = 1;
				DEVELOPMENT_TEAM = 5MG5LRAHJ6;
				GENERATE_INFOPLIST_FILE = YES;
				IPHONEOS_DEPLOYMENT_TARGET = 18.1;
				MARKETING_VERSION = 1.0;
				PRODUCT_BUNDLE_IDENTIFIER = Cplusplus.ScreelangTests;
				PRODUCT_NAME = "$(TARGET_NAME)";
				SWIFT_EMIT_LOC_STRINGS = NO;
				SWIFT_VERSION = 5.0;
				TARGETED_DEVICE_FAMILY = "1,2";
				TEST_HOST = "$(BUILT_PRODUCTS_DIR)/Screelang.app/$(BUNDLE_EXECUTABLE_FOLDER_PATH)/Screelang";
			};
			name = Release;
		};
		D70167C22CDFF00D0026D363 /* Debug */ = {
			isa = XCBuildConfiguration;
			buildSettings = {
				CODE_SIGN_STYLE = Automatic;
				CURRENT_PROJECT_VERSION = 1;
				DEVELOPMENT_TEAM = 5MG5LRAHJ6;
				GENERATE_INFOPLIST_FILE = YES;
				MARKETING_VERSION = 1.0;
				PRODUCT_BUNDLE_IDENTIFIER = Cplusplus.ScreelangUITests;
				PRODUCT_NAME = "$(TARGET_NAME)";
				SWIFT_EMIT_LOC_STRINGS = NO;
				SWIFT_VERSION = 5.0;
				TARGETED_DEVICE_FAMILY = "1,2";
				TEST_TARGET_NAME = Screelang;
			};
			name = Debug;
		};
		D70167C32CDFF00D0026D363 /* Release */ = {
			isa = XCBuildConfiguration;
			buildSettings = {
				CODE_SIGN_STYLE = Automatic;
				CURRENT_PROJECT_VERSION = 1;
				DEVELOPMENT_TEAM = 5MG5LRAHJ6;
				GENERATE_INFOPLIST_FILE = YES;
				MARKETING_VERSION = 1.0;
				PRODUCT_BUNDLE_IDENTIFIER = Cplusplus.ScreelangUITests;
				PRODUCT_NAME = "$(TARGET_NAME)";
				SWIFT_EMIT_LOC_STRINGS = NO;
				SWIFT_VERSION = 5.0;
				TARGETED_DEVICE_FAMILY = "1,2";
				TEST_TARGET_NAME = Screelang;
			};
			name = Release;
		};
/* End XCBuildConfiguration section */

/* Begin XCConfigurationList section */
		D70167922CDFF00B0026D363 /* Build configuration list for PBXProject "Screelang" */ = {
			isa = XCConfigurationList;
			buildConfigurations = (
				D70167B92CDFF00D0026D363 /* Debug */,
				D70167BA2CDFF00D0026D363 /* Release */,
			);
			defaultConfigurationIsVisible = 0;
			defaultConfigurationName = Release;
		};
		D70167BB2CDFF00D0026D363 /* Build configuration list for PBXNativeTarget "Screelang" */ = {
			isa = XCConfigurationList;
			buildConfigurations = (
				D70167BC2CDFF00D0026D363 /* Debug */,
				D70167BD2CDFF00D0026D363 /* Release */,
			);
			defaultConfigurationIsVisible = 0;
			defaultConfigurationName = Release;
		};
		D70167BE2CDFF00D0026D363 /* Build configuration list for PBXNativeTarget "ScreelangTests" */ = {
			isa = XCConfigurationList;
			buildConfigurations = (
				D70167BF2CDFF00D0026D363 /* Debug */,
				D70167C02CDFF00D0026D363 /* Release */,
			);
			defaultConfigurationIsVisible = 0;
			defaultConfigurationName = Release;
		};
		D70167C12CDFF00D0026D363 /* Build configuration list for PBXNativeTarget "ScreelangUITests" */ = {
			isa = XCConfigurationList;
			buildConfigurations = (
				D70167C22CDFF00D0026D363 /* Debug */,
				D70167C32CDFF00D0026D363 /* Release */,
			);
			defaultConfigurationIsVisible = 0;
			defaultConfigurationName = Release;
		};
/* End XCConfigurationList section */
	};
	rootObject = D701678F2CDFF00B0026D363 /* Project object */;
}
